<?xml version="1.0" encoding="utf-8"?>
<Project ToolsVersion="4.0" xmlns="http://schemas.microsoft.com/developer/msbuild/2003">
  <ItemGroup>
    <Filter Include="源文件">
      <UniqueIdentifier>{4FC737F1-C7A5-4376-A066-2A32D752A2FF}</UniqueIdentifier>
      <Extensions>cpp;c;cc;cxx;def;odl;idl;hpj;bat;asm;asmx</Extensions>
    </Filter>
    <Filter Include="头文件">
      <UniqueIdentifier>{93995380-89BD-4b04-88EB-625FBE52EBFB}</UniqueIdentifier>
      <Extensions>h;hpp;hxx;hm;inl;inc;xsd</Extensions>
    </Filter>
    <Filter Include="资源文件">
      <UniqueIdentifier>{67DA6AB6-F800-4c08-8B7A-83BB121AAD01}</UniqueIdentifier>
      <Extensions>rc;ico;cur;bmp;dlg;rc2;rct;bin;rgs;gif;jpg;jpeg;jpe;resx;tiff;tif;png;wav</Extensions>
    </Filter>
  </ItemGroup>
  <ItemGroup>
    <ClCompile Include="AntPCVFile.cpp">
      <Filter>源文件</Filter>
    </ClCompile>
    <ClCompile Include="AttitudeTrans.cpp">
      <Filter>源文件</Filter>
    </ClCompile>
    <ClCompile Include="BDRawObsFile.cpp">
      <Filter>源文件</Filter>
    </ClCompile>
    <ClCompile Include="CLKFile.cpp">
      <Filter>源文件</Filter>
    </ClCompile>
    <ClCompile Include="DCBFile.cpp">
      <Filter>源文件</Filter>
    </ClCompile>
    <ClCompile Include="eopc04File.cpp">
      <Filter>源文件</Filter>
    </ClCompile>
    <ClCompile Include="eopc04TotalFile.cpp">
      <Filter>源文件</Filter>
    </ClCompile>
    <ClCompile Include="eopRapidFileIAU2000.cpp">
      <Filter>源文件</Filter>
    </ClCompile>
    <ClCompile Include="EphemerisPosVelFile.cpp">
      <Filter>源文件</Filter>
    </ClCompile>
    <ClCompile Include="erpCodeFile.cpp">
      <Filter>源文件</Filter>
    </ClCompile>
    <ClCompile Include="erpMgexGFZFile.cpp">
      <Filter>源文件</Filter>
    </ClCompile>
    <ClCompile Include="gamitRcvAntFile.cpp">
      <Filter>源文件</Filter>
    </ClCompile>
    <ClCompile Include="GNSSBasicCorrectFunc.cpp">
      <Filter>源文件</Filter>
    </ClCompile>
    <ClCompile Include="GNSSYawAttitudeModel.cpp">
      <Filter>源文件</Filter>
    </ClCompile>
    <ClCompile Include="GPSYawAttitudeModel1995.cpp">
      <Filter>源文件</Filter>
    </ClCompile>
    <ClCompile Include="igs05atxFile.cpp">
      <Filter>源文件</Filter>
    </ClCompile>
    <ClCompile Include="Ionex1_0_File.cpp">
      <Filter>源文件</Filter>
    </ClCompile>
    <ClCompile Include="ITRF08AprFile.cpp">
      <Filter>源文件</Filter>
    </ClCompile>
    <ClCompile Include="jplEphFile.cpp">
      <Filter>源文件</Filter>
    </ClCompile>
    <ClCompile Include="OceanTidesLoading.cpp">
      <Filter>源文件</Filter>
    </ClCompile>
    <ClCompile Include="Rinex2_1_EditedObsFile.cpp">
      <Filter>源文件</Filter>
    </ClCompile>
    <ClCompile Include="Rinex2_1_EditedSdObsFile.cpp">
      <Filter>源文件</Filter>
    </ClCompile>
    <ClCompile Include="Rinex2_1_MixedEditedObsFile.cpp">
      <Filter>源文件</Filter>
    </ClCompile>
    <ClCompile Include="Rinex2_1_MixedObsFile.cpp">
      <Filter>源文件</Filter>
    </ClCompile>
    <ClCompile Include="Rinex2_1_NavFile.cpp">
      <Filter>源文件</Filter>
    </ClCompile>
    <ClCompile Include="Rinex2_1_ObsFile.cpp">
      <Filter>源文件</Filter>
    </ClCompile>
    <ClCompile Include="Rinex3_03_EditedObsFile.cpp">
      <Filter>源文件</Filter>
    </ClCompile>
    <ClCompile Include="Rinex3_03_ObsFile.cpp">
      <Filter>源文件</Filter>
    </ClCompile>
    <ClCompile Include="Rinex3_0_NavFile.cpp">
      <Filter>源文件</Filter>
    </ClCompile>
    <ClCompile Include="Rinex3_0_ObsFile.cpp">
      <Filter>源文件</Filter>
    </ClCompile>
    <ClCompile Include="RuningInfoFile.cpp">
      <Filter>源文件</Filter>
    </ClCompile>
    <ClCompile Include="Sinex2_0_File.cpp">
      <Filter>源文件</Filter>
    </ClCompile>
    <ClCompile Include="SinexBiasDCBFile.cpp">
      <Filter>源文件</Filter>
    </ClCompile>
    <ClCompile Include="SolidTides.cpp">
      <Filter>源文件</Filter>
    </ClCompile>
    <ClCompile Include="SP3File.cpp">
      <Filter>源文件</Filter>
    </ClCompile>
    <ClCompile Include="StaOceanLoadingDisplacementFile.cpp">
      <Filter>源文件</Filter>
    </ClCompile>
    <ClCompile Include="stationInfoFile.cpp">
      <Filter>源文件</Filter>
    </ClCompile>
    <ClCompile Include="structDef.cpp">
      <Filter>源文件</Filter>
    </ClCompile>
    <ClCompile Include="svnavFile.cpp">
      <Filter>源文件</Filter>
    </ClCompile>
    <ClCompile Include="svnavMixedFile.cpp">
      <Filter>源文件</Filter>
    </ClCompile>
    <ClCompile Include="tai_utcFile.cpp">
      <Filter>源文件</Filter>
    </ClCompile>
    <ClCompile Include="TimeAttitudeFile.cpp">
      <Filter>源文件</Filter>
    </ClCompile>
    <ClCompile Include="TimeCoordConvert.cpp">
      <Filter>源文件</Filter>
    </ClCompile>
    <ClCompile Include="TimePosVelFile.cpp">
      <Filter>源文件</Filter>
    </ClCompile>
    <ClCompile Include="Troposphere_model.cpp">
      <Filter>源文件</Filter>
    </ClCompile>
    <ClCompile Include="TROZPDFile.cpp">
      <Filter>源文件</Filter>
    </ClCompile>
    <ClCompile Include="SinexBiasOBSFile.cpp">
      <Filter>源文件</Filter>
    </ClCompile>
    <ClCompile Include="ManeuverlFile.cpp">
      <Filter>源文件</Filter>
    </ClCompile>
    <ClCompile Include="wsbFile.cpp">
      <Filter>源文件</Filter>
    </ClCompile>
    <ClCompile Include="TimeAccelerometerFile.cpp">
      <Filter>源文件</Filter>
    </ClCompile>
    <ClCompile Include="Rinex3_0_MixedNavFile.cpp">
      <Filter>源文件</Filter>
    </ClCompile>
    <ClCompile Include="Rinex3_0_NavFile_iGMAS.cpp">
      <Filter>源文件</Filter>
    </ClCompile>
    <ClCompile Include="GNSS_AttitudeFile.cpp">
      <Filter>源文件</Filter>
    </ClCompile>
    <ClCompile Include="LTATTFile.cpp">
      <Filter>源文件</Filter>
    </ClCompile>
  </ItemGroup>
  <ItemGroup>
    <ClInclude Include="..\NUDTTKInclude\AntPCVFile.hpp">
      <Filter>头文件</Filter>
    </ClInclude>
    <ClInclude Include="..\NUDTTKInclude\AttitudeTrans.hpp">
      <Filter>头文件</Filter>
    </ClInclude>
    <ClInclude Include="..\NUDTTKInclude\BDRawObsFile.hpp">
      <Filter>头文件</Filter>
    </ClInclude>
    <ClInclude Include="..\NUDTTKInclude\CLKFile.hpp">
      <Filter>头文件</Filter>
    </ClInclude>
    <ClInclude Include="..\NUDTTKInclude\constDef.hpp">
      <Filter>头文件</Filter>
    </ClInclude>
    <ClInclude Include="..\NUDTTKInclude\DCBFile.hpp">
      <Filter>头文件</Filter>
    </ClInclude>
    <ClInclude Include="..\NUDTTKInclude\dynPODStructDef.hpp">
      <Filter>头文件</Filter>
    </ClInclude>
    <ClInclude Include="..\NUDTTKInclude\eopc04File.hpp">
      <Filter>头文件</Filter>
    </ClInclude>
    <ClInclude Include="..\NUDTTKInclude\eopc04TotalFile.hpp">
      <Filter>头文件</Filter>
    </ClInclude>
    <ClInclude Include="..\NUDTTKInclude\eopRapidFileIAU2000.hpp">
      <Filter>头文件</Filter>
    </ClInclude>
    <ClInclude Include="..\NUDTTKInclude\EphemerisPosVelFile.hpp">
      <Filter>头文件</Filter>
    </ClInclude>
    <ClInclude Include="..\NUDTTKInclude\erpCodeFile.hpp">
      <Filter>头文件</Filter>
    </ClInclude>
    <ClInclude Include="..\NUDTTKInclude\erpMgexGFZFile.hpp">
      <Filter>头文件</Filter>
    </ClInclude>
    <ClInclude Include="..\NUDTTKInclude\gamitRcvAntFile.hpp">
      <Filter>头文件</Filter>
    </ClInclude>
    <ClInclude Include="..\NUDTTKInclude\GNSSBasicCorrectFunc.hpp">
      <Filter>头文件</Filter>
    </ClInclude>
    <ClInclude Include="..\NUDTTKInclude\GNSSYawAttitudeModel.hpp">
      <Filter>头文件</Filter>
    </ClInclude>
    <ClInclude Include="..\NUDTTKInclude\GPSYawAttitudeModel1995.hpp">
      <Filter>头文件</Filter>
    </ClInclude>
    <ClInclude Include="..\NUDTTKInclude\igs05atxFile.hpp">
      <Filter>头文件</Filter>
    </ClInclude>
    <ClInclude Include="..\NUDTTKInclude\Ionex1_0_File.hpp">
      <Filter>头文件</Filter>
    </ClInclude>
    <ClInclude Include="..\NUDTTKInclude\ITRF08AprFile.hpp">
      <Filter>头文件</Filter>
    </ClInclude>
    <ClInclude Include="..\NUDTTKInclude\jplEphFile.hpp">
      <Filter>头文件</Filter>
    </ClInclude>
    <ClInclude Include="..\NUDTTKInclude\OceanTidesLoading.hpp">
      <Filter>头文件</Filter>
    </ClInclude>
    <ClInclude Include="..\NUDTTKInclude\Rinex2_1_EditedObsFile.hpp">
      <Filter>头文件</Filter>
    </ClInclude>
    <ClInclude Include="..\NUDTTKInclude\Rinex2_1_EditedSdObsFile.hpp">
      <Filter>头文件</Filter>
    </ClInclude>
    <ClInclude Include="..\NUDTTKInclude\Rinex2_1_MixedEditedObsFile.hpp">
      <Filter>头文件</Filter>
    </ClInclude>
    <ClInclude Include="..\NUDTTKInclude\Rinex2_1_MixedObsFile.hpp">
      <Filter>头文件</Filter>
    </ClInclude>
    <ClInclude Include="..\NUDTTKInclude\Rinex2_1_NavFile.hpp">
      <Filter>头文件</Filter>
    </ClInclude>
    <ClInclude Include="..\NUDTTKInclude\Rinex2_1_ObsFile.hpp">
      <Filter>头文件</Filter>
    </ClInclude>
    <ClInclude Include="..\NUDTTKInclude\Rinex3_03_EditedObsFile.hpp">
      <Filter>头文件</Filter>
    </ClInclude>
    <ClInclude Include="..\NUDTTKInclude\Rinex3_03_ObsFile.hpp">
      <Filter>头文件</Filter>
    </ClInclude>
    <ClInclude Include="..\NUDTTKInclude\Rinex3_0_NavFile.hpp">
      <Filter>头文件</Filter>
    </ClInclude>
    <ClInclude Include="..\NUDTTKInclude\Rinex3_0_ObsFile.hpp">
      <Filter>头文件</Filter>
    </ClInclude>
    <ClInclude Include="..\NUDTTKInclude\RuningInfoFile.hpp">
      <Filter>头文件</Filter>
    </ClInclude>
    <ClInclude Include="..\NUDTTKInclude\Sinex2_0_File.hpp">
      <Filter>头文件</Filter>
    </ClInclude>
    <ClInclude Include="..\NUDTTKInclude\SinexBiasDCBFile.hpp">
      <Filter>头文件</Filter>
    </ClInclude>
    <ClInclude Include="..\NUDTTKInclude\SolidTides.hpp">
      <Filter>头文件</Filter>
    </ClInclude>
    <ClInclude Include="..\NUDTTKInclude\SP3File.hpp">
      <Filter>头文件</Filter>
    </ClInclude>
    <ClInclude Include="..\NUDTTKInclude\StaOceanLoadingDisplacementFile.hpp">
      <Filter>头文件</Filter>
    </ClInclude>
    <ClInclude Include="..\NUDTTKInclude\stationInfoFile.hpp">
      <Filter>头文件</Filter>
    </ClInclude>
    <ClInclude Include="..\NUDTTKInclude\structDef.hpp">
      <Filter>头文件</Filter>
    </ClInclude>
    <ClInclude Include="..\NUDTTKInclude\svnavFile.hpp">
      <Filter>头文件</Filter>
    </ClInclude>
    <ClInclude Include="..\NUDTTKInclude\svnavMixedFile.hpp">
      <Filter>头文件</Filter>
    </ClInclude>
    <ClInclude Include="..\NUDTTKInclude\tai_utcFile.hpp">
      <Filter>头文件</Filter>
    </ClInclude>
    <ClInclude Include="..\NUDTTKInclude\TimeAttitudeFile.hpp">
      <Filter>头文件</Filter>
    </ClInclude>
    <ClInclude Include="..\NUDTTKInclude\TimeCoordConvert.hpp">
      <Filter>头文件</Filter>
    </ClInclude>
    <ClInclude Include="..\NUDTTKInclude\TimePosVelFile.hpp">
      <Filter>头文件</Filter>
    </ClInclude>
    <ClInclude Include="..\NUDTTKInclude\Troposphere_model.hpp">
      <Filter>头文件</Filter>
    </ClInclude>
    <ClInclude Include="..\NUDTTKInclude\TROZPDFile.hpp">
      <Filter>头文件</Filter>
    </ClInclude>
    <ClInclude Include="..\NUDTTKInclude\SinexBiasOBSFile.hpp">
      <Filter>头文件</Filter>
    </ClInclude>
    <ClInclude Include="..\NUDTTKInclude\ManeuverFile.hpp">
      <Filter>头文件</Filter>
    </ClInclude>
    <ClInclude Include="..\NUDTTKInclude\wsbFile.hpp">
      <Filter>头文件</Filter>
    </ClInclude>
    <ClInclude Include="..\NUDTTKInclude\TimeAccelerometerFile.hpp">
      <Filter>头文件</Filter>
    </ClInclude>
    <ClInclude Include="..\NUDTTKInclude\Rinex3_0_MixedNavFile.hpp">
      <Filter>头文件</Filter>
    </ClInclude>
    <ClInclude Include="..\NUDTTKInclude\Rinex3_0_NavFile_iGMAS.hpp">
      <Filter>头文件</Filter>
    </ClInclude>
    <ClInclude Include="..\NUDTTKInclude\GNSS_AttitudeFile.hpp">
      <Filter>头文件</Filter>
    </ClInclude>
    <ClInclude Include="..\NUDTTKInclude\LTATTFile.hpp">
      <Filter>头文件</Filter>
    </ClInclude>
  </ItemGroup>
  <ItemGroup>
    <None Include="ReadMe.txt" />
  </ItemGroup>
</Project>